{
  "name": "teste",
  "version": "1.0.0",
  "lockfileVersion": 3,
  "requires": true,
  "packages": {
    "": {
      "name": "teste",
      "version": "1.0.0",
      "dependencies": {
        "ccrud": "file:.."
      }
    },
    "..": {
      "version": "1.0.0",
      "dependencies": {
        "alertifyjs": "^1.14.0",
        "bootstrap": "^5.3.8",
        "ckeditor4": "^4.25.1",
        "google-maps": "^4.3.3",
        "jcrop": "^3.0.1",
        "jquery": "^3.7.1",
        "jquery-mask-plugin": "^1.14.16",
        "jquery-ui-dist": "^1.13.3",
        "select2": "^4.1.0-rc.0"
      }
    },
    "node_modules/ccrud": {
      "resolved": "..",
      "link": true
    }
  }
}
